
Microsoft Visual Studio Solution File, Format Version 12.00
# Visual Studio 15
VisualStudioVersion = 15.0.26730.15
MinimumVisualStudioVersion = 10.0.40219.1
Project("{FAE04EC0-301F-11D3-BF4B-00C04F79EFBC}") = "CSCI_3037_OLA4_PolyMorphism", "CSCI_3037_OLA4_PolyMorphism\CSCI_3037_OLA4_PolyMorphism.csproj", "{E702FDDE-9FB1-41AF-A336-5D175A770DEA}"
EndProject
Global
	GlobalSection(SolutionConfigurationPlatforms) = preSolution
		Debug|Any CPU = Debug|Any CPU
		Release|Any CPU = Release|Any CPU
	EndGlobalSection
	GlobalSection(ProjectConfigurationPlatforms) = postSolution
		{E702FDDE-9FB1-41AF-A336-5D175A770DEA}.Debug|Any CPU.ActiveCfg = Debug|Any CPU
		{E702FDDE-9FB1-41AF-A336-5D175A770DEA}.Debug|Any CPU.Build.0 = Debug|Any CPU
		{E702FDDE-9FB1-41AF-A336-5D175A770DEA}.Release|Any CPU.ActiveCfg = Release|Any CPU
		{E702FDDE-9FB1-41AF-A336-5D175A770DEA}.Release|Any CPU.Build.0 = Release|Any CPU
	EndGlobalSection
	GlobalSection(SolutionProperties) = preSolution
		HideSolutionNode = FALSE
	EndGlobalSection
	GlobalSection(ExtensibilityGlobals) = postSolution
		SolutionGuid = {020133AC-83B3-465C-9D24-03C6CA3CC3E3}
	EndGlobalSection
EndGlobal
